
Microsoft Visual Studio Solution File, Format Version 12.00
# Visual Studio 15
VisualStudioVersion = 15.0.27428.2043
MinimumVisualStudioVersion = 10.0.40219.1
Project("{FAE04EC0-301F-11D3-BF4B-00C04F79EFBC}") = "Microsoft.Presidio", "src\Microsoft.Presidio\Microsoft.Presidio.csproj", "{421C733B-1224-4D25-A1A5-37E34C86FD28}"
EndProject
Global
    GlobalSection(SolutionConfigurationPlatforms) = preSolution
        Debug|Any CPU = Debug|Any CPU
        Release|Any CPU = Release|Any CPU
    EndGlobalSection
    GlobalSection(ProjectConfigurationPlatforms) = postSolution
        {421C733B-1224-4D25-A1A5-37E34C86FD28}.Debug|Any CPU.ActiveCfg = Debug|Any CPU
        {421C733B-1224-4D25-A1A5-37E34C86FD28}.Debug|Any CPU.Build.0 = Debug|Any CPU
        {421C733B-1224-4D25-A1A5-37E34C86FD28}.Release|Any CPU.ActiveCfg = Release|Any CPU
        {421C733B-1224-4D25-A1A5-37E34C86FD28}.Release|Any CPU.Build.0 = Release|Any CPU
    EndGlobalSection
    GlobalSection(SolutionProperties) = preSolution
        HideSolutionNode = FALSE
    EndGlobalSection
EndGlobal
